{
    "_readme": [
        "This file locks the dependencies of your project to a known state",
        "Read more about it at https://getcomposer.org/doc/01-basic-usage.md#installing-dependencies",
        "This file is @generated automatically"
    ],
    "content-hash": "cd24bb8257a2fd7f20c4f4aab3e0a0a4",
    "packages": [
        {
            "name": "gi-framework/gi-framework",
            "version": "dev-master",
            "source": {
                "type": "git",
                "url": "https://github.com/igor1999/GI.git",
                "reference": "2da250e0d7b3546f2fbdcf6a82a790282e1c321d"
            },
            "dist": {
                "type": "zip",
                "url": "https://api.github.com/repos/igor1999/GI/zipball/2da250e0d7b3546f2fbdcf6a82a790282e1c321d",
                "reference": "2da250e0d7b3546f2fbdcf6a82a790282e1c321d",
                "shasum": ""
            },
            "require": {
                "php": "^7.2"
            },
            "default-branch": true,
            "type": "library",
            "autoload": {
                "classmap": [
                    "GI"
                ]
            },
            "notification-url": "https://packagist.org/downloads/",
            "license": [
                "GPL-3.0-only"
            ],
            "description": "GI framework",
            "support": {
                "issues": "https://github.com/igor1999/GI/issues",
                "source": "https://github.com/igor1999/GI/tree/master"
            },
            "time": "2021-02-28T10:37:38+00:00"
        }
    ],
    "packages-dev": [],
    "aliases": [],
    "minimum-stability": "dev",
    "stability-flags": [],
    "prefer-stable": true,
    "prefer-lowest": false,
    "platform": [],
    "platform-dev": [],
    "plugin-api-version": "2.0.0"
}
